
Microsoft Visual Studio Solution File, Format Version 12.00
# Visual Studio Version 17
VisualStudioVersion = 17.8.34330.188
MinimumVisualStudioVersion = 10.0.40219.1
Project("{9A19103F-16F7-4668-BE54-9A1E7A4F7556}") = "keyupMusic4", "keyupMusic4.csproj", "{829C2FBB-9DC7-407C-AD20-DAAE8AD0A4AF}"
EndProject
Project("{9A19103F-16F7-4668-BE54-9A1E7A4F7556}") = "keyupmusic4_test", "keyupmusic2_test\keyupmusic4_test.csproj", "{0CB97F3D-19FD-4AC5-8F59-8C6755235530}"
EndProject
Project("{2150E333-8FDC-42A3-9474-1A3956D46DE8}") = "Solution Items", "Solution Items", "{8C7099CD-E7D8-468F-8770-A14B5676983A}"
	ProjectSection(SolutionItems) = preProject
		.editorconfig = .editorconfig
	EndProjectSection
EndProject
Project("{9A19103F-16F7-4668-BE54-9A1E7A4F7556}") = "WinFormsApp1", "..\WinFormsApp1\WinFormsApp1.csproj", "{456B9C9D-5F4E-4780-B88A-DA7E07D02B8C}"
EndProject
Project("{FAE04EC0-301F-11D3-BF4B-00C04F79EFBC}") = "qx", "..\qx\qx.csproj", "{EF0D203F-941B-4E25-AEF0-05FFD3985F84}"
EndProject
Global
	GlobalSection(SolutionConfigurationPlatforms) = preSolution
		Debug|Any CPU = Debug|Any CPU
		Release|Any CPU = Release|Any CPU
	EndGlobalSection
	GlobalSection(ProjectConfigurationPlatforms) = postSolution
		{829C2FBB-9DC7-407C-AD20-DAAE8AD0A4AF}.Debug|Any CPU.ActiveCfg = Debug|Any CPU
		{829C2FBB-9DC7-407C-AD20-DAAE8AD0A4AF}.Debug|Any CPU.Build.0 = Debug|Any CPU
		{829C2FBB-9DC7-407C-AD20-DAAE8AD0A4AF}.Release|Any CPU.ActiveCfg = Release|Any CPU
		{829C2FBB-9DC7-407C-AD20-DAAE8AD0A4AF}.Release|Any CPU.Build.0 = Release|Any CPU
		{0CB97F3D-19FD-4AC5-8F59-8C6755235530}.Debug|Any CPU.ActiveCfg = Debug|Any CPU
		{0CB97F3D-19FD-4AC5-8F59-8C6755235530}.Debug|Any CPU.Build.0 = Debug|Any CPU
		{0CB97F3D-19FD-4AC5-8F59-8C6755235530}.Release|Any CPU.ActiveCfg = Release|Any CPU
		{0CB97F3D-19FD-4AC5-8F59-8C6755235530}.Release|Any CPU.Build.0 = Release|Any CPU
		{456B9C9D-5F4E-4780-B88A-DA7E07D02B8C}.Debug|Any CPU.ActiveCfg = Debug|Any CPU
		{456B9C9D-5F4E-4780-B88A-DA7E07D02B8C}.Debug|Any CPU.Build.0 = Debug|Any CPU
		{456B9C9D-5F4E-4780-B88A-DA7E07D02B8C}.Release|Any CPU.ActiveCfg = Release|Any CPU
		{456B9C9D-5F4E-4780-B88A-DA7E07D02B8C}.Release|Any CPU.Build.0 = Release|Any CPU
		{EF0D203F-941B-4E25-AEF0-05FFD3985F84}.Debug|Any CPU.ActiveCfg = Debug|Any CPU
		{EF0D203F-941B-4E25-AEF0-05FFD3985F84}.Debug|Any CPU.Build.0 = Debug|Any CPU
		{EF0D203F-941B-4E25-AEF0-05FFD3985F84}.Release|Any CPU.ActiveCfg = Release|Any CPU
		{EF0D203F-941B-4E25-AEF0-05FFD3985F84}.Release|Any CPU.Build.0 = Release|Any CPU
	EndGlobalSection
	GlobalSection(SolutionProperties) = preSolution
		HideSolutionNode = FALSE
	EndGlobalSection
	GlobalSection(ExtensibilityGlobals) = postSolution
		SolutionGuid = {92B305C3-C9AA-4FC0-B8C1-4169330E6D2A}
	EndGlobalSection
EndGlobal
